# This file was autogenerated by Stack.
# You should not edit this file by hand.
# For more information, please see the documentation at:
#   https://docs.haskellstack.org/en/stable/lock_files

packages:
- completed:
    cabal-file:
      size: 3301
      sha256: 50331e37069a9c17169a199432221bd5b33a195333c38b6239540369e6c17957
    name: ghc-typelits-natnormalise
    version: 0.6.3
    git: git@github.com:clash-lang/ghc-typelits-natnormalise
    pantry-tree:
      size: 843
      sha256: 2f50f0d66e1705cd0ad9dd24c78a80b97d90a88e8a83d2fb39f8b64d6d23ca28
    commit: 45080a9f50b040178e145c0e9b489c26c17a6d52
  original:
    git: git@github.com:clash-lang/ghc-typelits-natnormalise
    commit: 45080a9f50b040178e145c0e9b489c26c17a6d52
snapshots:
- completed:
    size: 498365
    url: https://raw.githubusercontent.com/commercialhaskell/stackage-snapshots/master/lts/13/18.yaml
    sha256: c813b03544da8a9053b722f00f3f9a0aade23443130ac7160fefa89e01f5fb17
  original: lts-13.18
